// !$*UTF8*$!
{
	archiveVersion = 1;
	classes = {
	};
	objectVersion = 50;
	objects = {

/* Begin PBXBuildFile section */
		F82DD88E238C9AC0007C9E27 /* UserArray.swift in Sources */ = {isa = PBXBuildFile; fileRef = F82DD88D238C9AC0007C9E27 /* UserArray.swift */; };
		F84E3945238C85B000506712 /* AppDelegate.swift in Sources */ = {isa = PBXBuildFile; fileRef = F84E3944238C85B000506712 /* AppDelegate.swift */; };
		F84E3947238C85B000506712 /* SceneDelegate.swift in Sources */ = {isa = PBXBuildFile; fileRef = F84E3946238C85B000506712 /* SceneDelegate.swift */; };
		F84E394A238C85B000506712 /* FriendFace.xcdatamodeld in Sources */ = {isa = PBXBuildFile; fileRef = F84E3948238C85B000506712 /* FriendFace.xcdatamodeld */; };
		F84E394C238C85B000506712 /* ContentView.swift in Sources */ = {isa = PBXBuildFile; fileRef = F84E394B238C85B000506712 /* ContentView.swift */; };
		F84E394E238C85B200506712 /* Assets.xcassets in Resources */ = {isa = PBXBuildFile; fileRef = F84E394D238C85B200506712 /* Assets.xcassets */; };
		F84E3951238C85B200506712 /* Preview Assets.xcassets in Resources */ = {isa = PBXBuildFile; fileRef = F84E3950238C85B200506712 /* Preview Assets.xcassets */; };
		F84E3954238C85B200506712 /* LaunchScreen.storyboard in Resources */ = {isa = PBXBuildFile; fileRef = F84E3952238C85B200506712 /* LaunchScreen.storyboard */; };
		F84E395C238C85BB00506712 /* User.swift in Sources */ = {isa = PBXBuildFile; fileRef = F84E395B238C85BB00506712 /* User.swift */; };
		F84E395E238C8D7C00506712 /* UserDetail.swift in Sources */ = {isa = PBXBuildFile; fileRef = F84E395D238C8D7C00506712 /* UserDetail.swift */; };
/* End PBXBuildFile section */

/* Begin PBXFileReference section */
		F82DD88D238C9AC0007C9E27 /* UserArray.swift */ = {isa = PBXFileReference; lastKnownFileType = sourcecode.swift; path = UserArray.swift; sourceTree = "<group>"; };
		F84E3941238C85B000506712 /* FriendFace.app */ = {isa = PBXFileReference; explicitFileType = wrapper.application; includeInIndex = 0; path = FriendFace.app; sourceTree = BUILT_PRODUCTS_DIR; };
		F84E3944238C85B000506712 /* AppDelegate.swift */ = {isa = PBXFileReference; lastKnownFileType = sourcecode.swift; path = AppDelegate.swift; sourceTree = "<group>"; };
		F84E3946238C85B000506712 /* SceneDelegate.swift */ = {isa = PBXFileReference; lastKnownFileType = sourcecode.swift; path = SceneDelegate.swift; sourceTree = "<group>"; };
		F84E3949238C85B000506712 /* FriendFace.xcdatamodel */ = {isa = PBXFileReference; lastKnownFileType = wrapper.xcdatamodel; path = FriendFace.xcdatamodel; sourceTree = "<group>"; };
		F84E394B238C85B000506712 /* ContentView.swift */ = {isa = PBXFileReference; lastKnownFileType = sourcecode.swift; path = ContentView.swift; sourceTree = "<group>"; };
		F84E394D238C85B200506712 /* Assets.xcassets */ = {isa = PBXFileReference; lastKnownFileType = folder.assetcatalog; path = Assets.xcassets; sourceTree = "<group>"; };
		F84E3950238C85B200506712 /* Preview Assets.xcassets */ = {isa = PBXFileReference; lastKnownFileType = folder.assetcatalog; path = "Preview Assets.xcassets"; sourceTree = "<group>"; };
		F84E3953238C85B200506712 /* Base */ = {isa = PBXFileReference; lastKnownFileType = file.storyboard; name = Base; path = Base.lproj/LaunchScreen.storyboard; sourceTree = "<group>"; };
		F84E3955238C85B200506712 /* Info.plist */ = {isa = PBXFileReference; lastKnownFileType = text.plist.xml; path = Info.plist; sourceTree = "<group>"; };
		F84E395B238C85BB00506712 /* User.swift */ = {isa = PBXFileReference; lastKnownFileType = sourcecode.swift; path = User.swift; sourceTree = "<group>"; };
		F84E395D238C8D7C00506712 /* UserDetail.swift */ = {isa = PBXFileReference; lastKnownFileType = sourcecode.swift; path = UserDetail.swift; sourceTree = "<group>"; };
/* End PBXFileReference section */

/* Begin PBXFrameworksBuildPhase section */
		F84E393E238C85B000506712 /* Frameworks */ = {
			isa = PBXFrameworksBuildPhase;
			buildActionMask = 2147483647;
			files = (
			);
			runOnlyForDeploymentPostprocessing = 0;
		};
/* End PBXFrameworksBuildPhase section */

/* Begin PBXGroup section */
		F84E3938238C85B000506712 = {
			isa = PBXGroup;
			children = (
				F84E3943238C85B000506712 /* FriendFace */,
				F84E3942238C85B000506712 /* Products */,
			);
			sourceTree = "<group>";
		};
		F84E3942238C85B000506712 /* Products */ = {
			isa = PBXGroup;
			children = (
				F84E3941238C85B000506712 /* FriendFace.app */,
			);
			name = Products;
			sourceTree = "<group>";
		};
		F84E3943238C85B000506712 /* FriendFace */ = {
			isa = PBXGroup;
			children = (
				F84E395F238C949400506712 /* Model */,
				F84E3960238C949B00506712 /* View */,
				F84E3944238C85B000506712 /* AppDelegate.swift */,
				F84E3946238C85B000506712 /* SceneDelegate.swift */,
				F84E394D238C85B200506712 /* Assets.xcassets */,
				F84E3952238C85B200506712 /* LaunchScreen.storyboard */,
				F84E3955238C85B200506712 /* Info.plist */,
				F84E3948238C85B000506712 /* FriendFace.xcdatamodeld */,
				F84E394F238C85B200506712 /* Preview Content */,
			);
			path = FriendFace;
			sourceTree = "<group>";
		};
		F84E394F238C85B200506712 /* Preview Content */ = {
			isa = PBXGroup;
			children = (
				F84E3950238C85B200506712 /* Preview Assets.xcassets */,
			);
			path = "Preview Content";
			sourceTree = "<group>";
		};
		F84E395F238C949400506712 /* Model */ = {
			isa = PBXGroup;
			children = (
				F84E395B238C85BB00506712 /* User.swift */,
				F82DD88D238C9AC0007C9E27 /* UserArray.swift */,
			);
			path = Model;
			sourceTree = "<group>";
		};
		F84E3960238C949B00506712 /* View */ = {
			isa = PBXGroup;
			children = (
				F84E394B238C85B000506712 /* ContentView.swift */,
				F84E395D238C8D7C00506712 /* UserDetail.swift */,
			);
			path = View;
			sourceTree = "<group>";
		};
/* End PBXGroup section */

/* Begin PBXNativeTarget section */
		F84E3940238C85B000506712 /* FriendFace */ = {
			isa = PBXNativeTarget;
			buildConfigurationList = F84E3958238C85B200506712 /* Build configuration list for PBXNativeTarget "FriendFace" */;
			buildPhases = (
				F84E393D238C85B000506712 /* Sources */,
				F84E393E238C85B000506712 /* Frameworks */,
				F84E393F238C85B000506712 /* Resources */,
			);
			buildRules = (
			);
			dependencies = (
			);
			name = FriendFace;
			productName = FriendFace;
			productReference = F84E3941238C85B000506712 /* FriendFace.app */;
			productType = "com.apple.product-type.application";
		};
/* End PBXNativeTarget section */

/* Begin PBXProject section */
		F84E3939238C85B000506712 /* Project object */ = {
			isa = PBXProject;
			attributes = {
				LastSwiftUpdateCheck = 1100;
				LastUpgradeCheck = 1100;
				ORGANIZATIONNAME = "Mario Alberto Barragan Espinosa";
				TargetAttributes = {
					F84E3940238C85B000506712 = {
						CreatedOnToolsVersion = 11.0;
					};
				};
			};
			buildConfigurationList = F84E393C238C85B000506712 /* Build configuration list for PBXProject "FriendFace" */;
			compatibilityVersion = "Xcode 9.3";
			developmentRegion = en;
			hasScannedForEncodings = 0;
			knownRegions = (
				en,
				Base,
			);
			mainGroup = F84E3938238C85B000506712;
			productRefGroup = F84E3942238C85B000506712 /* Products */;
			projectDirPath = "";
			projectRoot = "";
			targets = (
				F84E3940238C85B000506712 /* FriendFace */,
			);
		};
/* End PBXProject section */

/* Begin PBXResourcesBuildPhase section */
		F84E393F238C85B000506712 /* Resources */ = {
			isa = PBXResourcesBuildPhase;
			buildActionMask = 2147483647;
			files = (
				F84E3954238C85B200506712 /* LaunchScreen.storyboard in Resources */,
				F84E3951238C85B200506712 /* Preview Assets.xcassets in Resources */,
				F84E394E238C85B200506712 /* Assets.xcassets in Resources */,
			);
			runOnlyForDeploymentPostprocessing = 0;
		};
/* End PBXResourcesBuildPhase section */

/* Begin PBXSourcesBuildPhase section */
		F84E393D238C85B000506712 /* Sources */ = {
			isa = PBXSourcesBuildPhase;
			buildActionMask = 2147483647;
			files = (
				F84E394A238C85B000506712 /* FriendFace.xcdatamodeld in Sources */,
				F84E395E238C8D7C00506712 /* UserDetail.swift in Sources */,
				F84E3945238C85B000506712 /* AppDelegate.swift in Sources */,
				F82DD88E238C9AC0007C9E27 /* UserArray.swift in Sources */,
				F84E394C238C85B000506712 /* ContentView.swift in Sources */,
				F84E395C238C85BB00506712 /* User.swift in Sources */,
				F84E3947238C85B000506712 /* SceneDelegate.swift in Sources */,
			);
			runOnlyForDeploymentPostprocessing = 0;
		};
/* End PBXSourcesBuildPhase section */

/* Begin PBXVariantGroup section */
		F84E3952238C85B200506712 /* LaunchScreen.storyboard */ = {
			isa = PBXVariantGroup;
			children = (
				F84E3953238C85B200506712 /* Base */,
			);
			name = LaunchScreen.storyboard;
			sourceTree = "<group>";
		};
/* End PBXVariantGroup section */

/* Begin XCBuildConfiguration section */
		F84E3956238C85B200506712 /* Debug */ = {
			isa = XCBuildConfiguration;
			buildSettings = {
				ALWAYS_SEARCH_USER_PATHS = NO;
				CLANG_ANALYZER_NONNULL = YES;
				CLANG_ANALYZER_NUMBER_OBJECT_CONVERSION = YES_AGGRESSIVE;
				CLANG_CXX_LANGUAGE_STANDARD = "gnu++14";
				CLANG_CXX_LIBRARY = "libc++";
				CLANG_ENABLE_MODULES = YES;
				CLANG_ENABLE_OBJC_ARC = YES;
				CLANG_ENABLE_OBJC_WEAK = YES;
				CLANG_WARN_BLOCK_CAPTURE_AUTORELEASING = YES;
				CLANG_WARN_BOOL_CONVERSION = YES;
				CLANG_WARN_COMMA = YES;
				CLANG_WARN_CONSTANT_CONVERSION = YES;
				CLANG_WARN_DEPRECATED_OBJC_IMPLEMENTATIONS = YES;
				CLANG_WARN_DIRECT_OBJC_ISA_USAGE = YES_ERROR;
				CLANG_WARN_DOCUMENTATION_COMMENTS = YES;
				CLANG_WARN_EMPTY_BODY = YES;
				CLANG_WARN_ENUM_CONVERSION = YES;
				CLANG_WARN_INFINITE_RECURSION = YES;
				CLANG_WARN_INT_CONVERSION = YES;
				CLANG_WARN_NON_LITERAL_NULL_CONVERSION = YES;
				CLANG_WARN_OBJC_IMPLICIT_RETAIN_SELF = YES;
				CLANG_WARN_OBJC_LITERAL_CONVERSION = YES;
				CLANG_WARN_OBJC_ROOT_CLASS = YES_ERROR;
				CLANG_WARN_RANGE_LOOP_ANALYSIS = YES;
				CLANG_WARN_STRICT_PROTOTYPES = YES;
				CLANG_WARN_SUSPICIOUS_MOVE = YES;
				CLANG_WARN_UNGUARDED_AVAILABILITY = YES_AGGRESSIVE;
				CLANG_WARN_UNREACHABLE_CODE = YES;
				CLANG_WARN__DUPLICATE_METHOD_MATCH = YES;
				COPY_PHASE_STRIP = NO;
				DEBUG_INFORMATION_FORMAT = dwarf;
				ENABLE_STRICT_OBJC_MSGSEND = YES;
				ENABLE_TESTABILITY = YES;
				GCC_C_LANGUAGE_STANDARD = gnu11;
				GCC_DYNAMIC_NO_PIC = NO;
				GCC_NO_COMMON_BLOCKS = YES;
				GCC_OPTIMIZATION_LEVEL = 0;
				GCC_PREPROCESSOR_DEFINITIONS = (
					"DEBUG=1",
					"$(inherited)",
				);
				GCC_WARN_64_TO_32_BIT_CONVERSION = YES;
				GCC_WARN_ABOUT_RETURN_TYPE = YES_ERROR;
				GCC_WARN_UNDECLARED_SELECTOR = YES;
				GCC_WARN_UNINITIALIZED_AUTOS = YES_AGGRESSIVE;
				GCC_WARN_UNUSED_FUNCTION = YES;
				GCC_WARN_UNUSED_VARIABLE = YES;
				IPHONEOS_DEPLOYMENT_TARGET = 13.0;
				MTL_ENABLE_DEBUG_INFO = INCLUDE_SOURCE;
				MTL_FAST_MATH = YES;
				ONLY_ACTIVE_ARCH = YES;
				SDKROOT = iphoneos;
				SWIFT_ACTIVE_COMPILATION_CONDITIONS = DEBUG;
				SWIFT_OPTIMIZATION_LEVEL = "-Onone";
			};
			name = Debug;
		};
		F84E3957238C85B200506712 /* Release */ = {
			isa = XCBuildConfiguration;
			buildSettings = {
				ALWAYS_SEARCH_USER_PATHS = NO;
				CLANG_ANALYZER_NONNULL = YES;
				CLANG_ANALYZER_NUMBER_OBJECT_CONVERSION = YES_AGGRESSIVE;
				CLANG_CXX_LANGUAGE_STANDARD = "gnu++14";
				CLANG_CXX_LIBRARY = "libc++";
				CLANG_ENABLE_MODULES = YES;
				CLANG_ENABLE_OBJC_ARC = YES;
				CLANG_ENABLE_OBJC_WEAK = YES;
				CLANG_WARN_BLOCK_CAPTURE_AUTORELEASING = YES;
				CLANG_WARN_BOOL_CONVERSION = YES;
				CLANG_WARN_COMMA = YES;
				CLANG_WARN_CONSTANT_CONVERSION = YES;
				CLANG_WARN_DEPRECATED_OBJC_IMPLEMENTATIONS = YES;
				CLANG_WARN_DIRECT_OBJC_ISA_USAGE = YES_ERROR;
				CLANG_WARN_DOCUMENTATION_COMMENTS = YES;
				CLANG_WARN_EMPTY_BODY = YES;
				CLANG_WARN_ENUM_CONVERSION = YES;
				CLANG_WARN_INFINITE_RECURSION = YES;
				CLANG_WARN_INT_CONVERSION = YES;
				CLANG_WARN_NON_LITERAL_NULL_CONVERSION = YES;
				CLANG_WARN_OBJC_IMPLICIT_RETAIN_SELF = YES;
				CLANG_WARN_OBJC_LITERAL_CONVERSION = YES;
				CLANG_WARN_OBJC_ROOT_CLASS = YES_ERROR;
				CLANG_WARN_RANGE_LOOP_ANALYSIS = YES;
				CLANG_WARN_STRICT_PROTOTYPES = YES;
				CLANG_WARN_SUSPICIOUS_MOVE = YES;
				CLANG_WARN_UNGUARDED_AVAILABILITY = YES_AGGRESSIVE;
				CLANG_WARN_UNREACHABLE_CODE = YES;
				CLANG_WARN__DUPLICATE_METHOD_MATCH = YES;
				COPY_PHASE_STRIP = NO;
				DEBUG_INFORMATION_FORMAT = "dwarf-with-dsym";
				ENABLE_NS_ASSERTIONS = NO;
				ENABLE_STRICT_OBJC_MSGSEND = YES;
				GCC_C_LANGUAGE_STANDARD = gnu11;
				GCC_NO_COMMON_BLOCKS = YES;
				GCC_WARN_64_TO_32_BIT_CONVERSION = YES;
				GCC_WARN_ABOUT_RETURN_TYPE = YES_ERROR;
				GCC_WARN_UNDECLARED_SELECTOR = YES;
				GCC_WARN_UNINITIALIZED_AUTOS = YES_AGGRESSIVE;
				GCC_WARN_UNUSED_FUNCTION = YES;
				GCC_WARN_UNUSED_VARIABLE = YES;
				IPHONEOS_DEPLOYMENT_TARGET = 13.0;
				MTL_ENABLE_DEBUG_INFO = NO;
				MTL_FAST_MATH = YES;
				SDKROOT = iphoneos;
				SWIFT_COMPILATION_MODE = wholemodule;
				SWIFT_OPTIMIZATION_LEVEL = "-O";
				VALIDATE_PRODUCT = YES;
			};
			name = Release;
		};
		F84E3959238C85B200506712 /* Debug */ = {
			isa = XCBuildConfiguration;
			buildSettings = {
				ASSETCATALOG_COMPILER_APPICON_NAME = AppIcon;
				CODE_SIGN_STYLE = Automatic;
				DEVELOPMENT_ASSET_PATHS = "\"FriendFace/Preview Content\"";
				DEVELOPMENT_TEAM = 2S9CS8NZZ8;
				ENABLE_PREVIEWS = YES;
				INFOPLIST_FILE = FriendFace/Info.plist;
				LD_RUNPATH_SEARCH_PATHS = (
					"$(inherited)",
					"@executable_path/Frameworks",
				);
				PRODUCT_BUNDLE_IDENTIFIER = com.mario.FriendFace;
				PRODUCT_NAME = "$(TARGET_NAME)";
				SWIFT_VERSION = 5.0;
				TARGETED_DEVICE_FAMILY = "1,2";
			};
			name = Debug;
		};
		F84E395A238C85B200506712 /* Release */ = {
			isa = XCBuildConfiguration;
			buildSettings = {
				ASSETCATALOG_COMPILER_APPICON_NAME = AppIcon;
				CODE_SIGN_STYLE = Automatic;
				DEVELOPMENT_ASSET_PATHS = "\"FriendFace/Preview Content\"";
				DEVELOPMENT_TEAM = 2S9CS8NZZ8;
				ENABLE_PREVIEWS = YES;
				INFOPLIST_FILE = FriendFace/Info.plist;
				LD_RUNPATH_SEARCH_PATHS = (
					"$(inherited)",
					"@executable_path/Frameworks",
				);
				PRODUCT_BUNDLE_IDENTIFIER = com.mario.FriendFace;
				PRODUCT_NAME = "$(TARGET_NAME)";
				SWIFT_VERSION = 5.0;
				TARGETED_DEVICE_FAMILY = "1,2";
			};
			name = Release;
		};
/* End XCBuildConfiguration section */

/* Begin XCConfigurationList section */
		F84E393C238C85B000506712 /* Build configuration list for PBXProject "FriendFace" */ = {
			isa = XCConfigurationList;
			buildConfigurations = (
				F84E3956238C85B200506712 /* Debug */,
				F84E3957238C85B200506712 /* Release */,
			);
			defaultConfigurationIsVisible = 0;
			defaultConfigurationName = Release;
		};
		F84E3958238C85B200506712 /* Build configuration list for PBXNativeTarget "FriendFace" */ = {
			isa = XCConfigurationList;
			buildConfigurations = (
				F84E3959238C85B200506712 /* Debug */,
				F84E395A238C85B200506712 /* Release */,
			);
			defaultConfigurationIsVisible = 0;
			defaultConfigurationName = Release;
		};
/* End XCConfigurationList section */

/* Begin XCVersionGroup section */
		F84E3948238C85B000506712 /* FriendFace.xcdatamodeld */ = {
			isa = XCVersionGroup;
			children = (
				F84E3949238C85B000506712 /* FriendFace.xcdatamodel */,
			);
			currentVersion = F84E3949238C85B000506712 /* FriendFace.xcdatamodel */;
			path = FriendFace.xcdatamodeld;
			sourceTree = "<group>";
			versionGroupType = wrapper.xcdatamodel;
		};
/* End XCVersionGroup section */
	};
	rootObject = F84E3939238C85B000506712 /* Project object */;
}
